<?xml version="1.0" encoding="utf-8"?>
<Project ToolsVersion="4.0" xmlns="http://schemas.microsoft.com/developer/msbuild/2003">
  <ItemGroup>
    <Filter Include="Source Files">
      <UniqueIdentifier>{4FC737F1-C7A5-4376-A066-2A32D752A2FF}</UniqueIdentifier>
      <Extensions>cpp;c;cc;cxx;c++;cppm;ixx;def;odl;idl;hpj;bat;asm;asmx</Extensions>
    </Filter>
    <Filter Include="Header Files">
      <UniqueIdentifier>{93995380-89BD-4b04-88EB-625FBE52EBFB}</UniqueIdentifier>
      <Extensions>h;hh;hpp;hxx;h++;hm;inl;inc;ipp;xsd</Extensions>
    </Filter>
    <Filter Include="Resource Files">
      <UniqueIdentifier>{67DA6AB6-F800-4c08-8B7A-83BB121AAD01}</UniqueIdentifier>
      <Extensions>rc;ico;cur;bmp;dlg;rc2;rct;bin;rgs;gif;jpg;jpeg;jpe;resx;tiff;tif;png;wav;mfcribbon-ms</Extensions>
    </Filter>
    <Filter Include="Header Files\Messaging">
      <UniqueIdentifier>{6d32cb2f-9418-4081-a402-ad18c2e2bca1}</UniqueIdentifier>
    </Filter>
    <Filter Include="Source Files\Messaging">
      <UniqueIdentifier>{b78616c9-c118-4549-a8f6-3d566d19a2aa}</UniqueIdentifier>
    </Filter>
    <Filter Include="Header Files\HTTP">
      <UniqueIdentifier>{512d7636-a573-4ce5-b3e5-ac957849b926}</UniqueIdentifier>
    </Filter>
    <Filter Include="Source Files\HTTP">
      <UniqueIdentifier>{87f37277-4f54-4fbc-877d-873784eb3def}</UniqueIdentifier>
    </Filter>
    <Filter Include="Header Files\Connection">
      <UniqueIdentifier>{af1bf779-0beb-46b2-a592-b18f69174f4e}</UniqueIdentifier>
    </Filter>
    <Filter Include="Source Files\Connection">
      <UniqueIdentifier>{ade49347-781d-4bf5-8828-dc477ed0ecb6}</UniqueIdentifier>
    </Filter>
  </ItemGroup>
  <ItemGroup>
    <ClInclude Include="MessageTypes.h">
      <Filter>Header Files\Messaging</Filter>
    </ClInclude>
    <ClInclude Include="ClientRequests.h">
      <Filter>Header Files\Messaging</Filter>
    </ClInclude>
    <ClInclude Include="ServerNotifications.h">
      <Filter>Header Files\Messaging</Filter>
    </ClInclude>
    <ClInclude Include="ServerResponses.h">
      <Filter>Header Files\Messaging</Filter>
    </ClInclude>
    <ClInclude Include="HTTPMessage.h">
      <Filter>Header Files\HTTP</Filter>
    </ClInclude>
    <ClInclude Include="BBQConnection.h">
      <Filter>Header Files\Connection</Filter>
    </ClInclude>
    <ClInclude Include="http_parser.h">
      <Filter>Header Files\HTTP</Filter>
    </ClInclude>
  </ItemGroup>
  <ItemGroup>
    <ClCompile Include="MessageTypes.cpp">
      <Filter>Source Files\Messaging</Filter>
    </ClCompile>
    <ClCompile Include="ClientRequests.cpp">
      <Filter>Source Files\Messaging</Filter>
    </ClCompile>
    <ClCompile Include="ServerNotifications.cpp">
      <Filter>Source Files\Messaging</Filter>
    </ClCompile>
    <ClCompile Include="ServerResponses.cpp">
      <Filter>Source Files\Messaging</Filter>
    </ClCompile>
    <ClCompile Include="HTTPMessage.cpp">
      <Filter>Source Files\HTTP</Filter>
    </ClCompile>
    <ClCompile Include="BBQConnection.cpp">
      <Filter>Source Files\Connection</Filter>
    </ClCompile>
    <ClCompile Include="http_parser.c">
      <Filter>Source Files\HTTP</Filter>
    </ClCompile>
  </ItemGroup>
</Project>